// !$*UTF8*$!
{
	archiveVersion = 1;
	classes = {
	};
	objectVersion = 50;
	objects = {

/* Begin PBXBuildFile section */
		C257BC54220EDD28001CF994 /* AppDelegate.swift in Sources */ = {isa = PBXBuildFile; fileRef = C257BC53220EDD28001CF994 /* AppDelegate.swift */; };
		C257BC56220EDD28001CF994 /* CategoriesVC.swift in Sources */ = {isa = PBXBuildFile; fileRef = C257BC55220EDD28001CF994 /* CategoriesVC.swift */; };
		C257BC59220EDD28001CF994 /* Main.storyboard in Resources */ = {isa = PBXBuildFile; fileRef = C257BC57220EDD28001CF994 /* Main.storyboard */; };
		C257BC5B220EDD29001CF994 /* Assets.xcassets in Resources */ = {isa = PBXBuildFile; fileRef = C257BC5A220EDD29001CF994 /* Assets.xcassets */; };
		C257BC5E220EDD29001CF994 /* LaunchScreen.storyboard in Resources */ = {isa = PBXBuildFile; fileRef = C257BC5C220EDD29001CF994 /* LaunchScreen.storyboard */; };
		C257BC69220EE2F3001CF994 /* CategoryCell.swift in Sources */ = {isa = PBXBuildFile; fileRef = C257BC68220EE2F3001CF994 /* CategoryCell.swift */; };
		C257BC6B220F1A39001CF994 /* Category.swift in Sources */ = {isa = PBXBuildFile; fileRef = C257BC6A220F1A39001CF994 /* Category.swift */; };
		C257BC6E220F1EF7001CF994 /* DataService.swift in Sources */ = {isa = PBXBuildFile; fileRef = C257BC6D220F1EF7001CF994 /* DataService.swift */; };
		C260DE422213193D006C45B6 /* ProductCell.swift in Sources */ = {isa = PBXBuildFile; fileRef = C260DE412213193D006C45B6 /* ProductCell.swift */; };
		C260DE4422131D47006C45B6 /* Product.swift in Sources */ = {isa = PBXBuildFile; fileRef = C260DE4322131D47006C45B6 /* Product.swift */; };
		C260DE4622132614006C45B6 /* ProductsVC.swift in Sources */ = {isa = PBXBuildFile; fileRef = C260DE4522132614006C45B6 /* ProductsVC.swift */; };
/* End PBXBuildFile section */

/* Begin PBXFileReference section */
		C257BC50220EDD28001CF994 /* coder-swag2.app */ = {isa = PBXFileReference; explicitFileType = wrapper.application; includeInIndex = 0; path = "coder-swag2.app"; sourceTree = BUILT_PRODUCTS_DIR; };
		C257BC53220EDD28001CF994 /* AppDelegate.swift */ = {isa = PBXFileReference; lastKnownFileType = sourcecode.swift; path = AppDelegate.swift; sourceTree = "<group>"; };
		C257BC55220EDD28001CF994 /* CategoriesVC.swift */ = {isa = PBXFileReference; lastKnownFileType = sourcecode.swift; path = CategoriesVC.swift; sourceTree = "<group>"; };
		C257BC58220EDD28001CF994 /* Base */ = {isa = PBXFileReference; lastKnownFileType = file.storyboard; name = Base; path = Base.lproj/Main.storyboard; sourceTree = "<group>"; };
		C257BC5A220EDD29001CF994 /* Assets.xcassets */ = {isa = PBXFileReference; lastKnownFileType = folder.assetcatalog; path = Assets.xcassets; sourceTree = "<group>"; };
		C257BC5D220EDD29001CF994 /* Base */ = {isa = PBXFileReference; lastKnownFileType = file.storyboard; name = Base; path = Base.lproj/LaunchScreen.storyboard; sourceTree = "<group>"; };
		C257BC5F220EDD29001CF994 /* Info.plist */ = {isa = PBXFileReference; lastKnownFileType = text.plist.xml; path = Info.plist; sourceTree = "<group>"; };
		C257BC68220EE2F3001CF994 /* CategoryCell.swift */ = {isa = PBXFileReference; lastKnownFileType = sourcecode.swift; path = CategoryCell.swift; sourceTree = "<group>"; };
		C257BC6A220F1A39001CF994 /* Category.swift */ = {isa = PBXFileReference; lastKnownFileType = sourcecode.swift; path = Category.swift; sourceTree = "<group>"; };
		C257BC6D220F1EF7001CF994 /* DataService.swift */ = {isa = PBXFileReference; lastKnownFileType = sourcecode.swift; path = DataService.swift; sourceTree = "<group>"; };
		C260DE412213193D006C45B6 /* ProductCell.swift */ = {isa = PBXFileReference; lastKnownFileType = sourcecode.swift; path = ProductCell.swift; sourceTree = "<group>"; };
		C260DE4322131D47006C45B6 /* Product.swift */ = {isa = PBXFileReference; lastKnownFileType = sourcecode.swift; path = Product.swift; sourceTree = "<group>"; };
		C260DE4522132614006C45B6 /* ProductsVC.swift */ = {isa = PBXFileReference; lastKnownFileType = sourcecode.swift; path = ProductsVC.swift; sourceTree = "<group>"; };
/* End PBXFileReference section */

/* Begin PBXFrameworksBuildPhase section */
		C257BC4D220EDD28001CF994 /* Frameworks */ = {
			isa = PBXFrameworksBuildPhase;
			buildActionMask = 2147483647;
			files = (
			);
			runOnlyForDeploymentPostprocessing = 0;
		};
/* End PBXFrameworksBuildPhase section */

/* Begin PBXGroup section */
		C257BC47220EDD28001CF994 = {
			isa = PBXGroup;
			children = (
				C257BC52220EDD28001CF994 /* coder-swag2 */,
				C257BC51220EDD28001CF994 /* Products */,
			);
			sourceTree = "<group>";
		};
		C257BC51220EDD28001CF994 /* Products */ = {
			isa = PBXGroup;
			children = (
				C257BC50220EDD28001CF994 /* coder-swag2.app */,
			);
			name = Products;
			sourceTree = "<group>";
		};
		C257BC52220EDD28001CF994 /* coder-swag2 */ = {
			isa = PBXGroup;
			children = (
				C257BC6C220F1EE9001CF994 /* Services */,
				C257BC67220EE17B001CF994 /* Views */,
				C257BC66220EE175001CF994 /* Models */,
				C257BC65220EE170001CF994 /* Controllers */,
				C257BC53220EDD28001CF994 /* AppDelegate.swift */,
				C257BC57220EDD28001CF994 /* Main.storyboard */,
				C257BC5A220EDD29001CF994 /* Assets.xcassets */,
				C257BC5C220EDD29001CF994 /* LaunchScreen.storyboard */,
				C257BC5F220EDD29001CF994 /* Info.plist */,
			);
			path = "coder-swag2";
			sourceTree = "<group>";
		};
		C257BC65220EE170001CF994 /* Controllers */ = {
			isa = PBXGroup;
			children = (
				C257BC55220EDD28001CF994 /* CategoriesVC.swift */,
				C260DE4522132614006C45B6 /* ProductsVC.swift */,
			);
			path = Controllers;
			sourceTree = "<group>";
		};
		C257BC66220EE175001CF994 /* Models */ = {
			isa = PBXGroup;
			children = (
				C257BC6A220F1A39001CF994 /* Category.swift */,
				C260DE4322131D47006C45B6 /* Product.swift */,
			);
			path = Models;
			sourceTree = "<group>";
		};
		C257BC67220EE17B001CF994 /* Views */ = {
			isa = PBXGroup;
			children = (
				C257BC68220EE2F3001CF994 /* CategoryCell.swift */,
				C260DE412213193D006C45B6 /* ProductCell.swift */,
			);
			path = Views;
			sourceTree = "<group>";
		};
		C257BC6C220F1EE9001CF994 /* Services */ = {
			isa = PBXGroup;
			children = (
				C257BC6D220F1EF7001CF994 /* DataService.swift */,
			);
			path = Services;
			sourceTree = "<group>";
		};
/* End PBXGroup section */

/* Begin PBXNativeTarget section */
		C257BC4F220EDD28001CF994 /* coder-swag2 */ = {
			isa = PBXNativeTarget;
			buildConfigurationList = C257BC62220EDD29001CF994 /* Build configuration list for PBXNativeTarget "coder-swag2" */;
			buildPhases = (
				C257BC4C220EDD28001CF994 /* Sources */,
				C257BC4D220EDD28001CF994 /* Frameworks */,
				C257BC4E220EDD28001CF994 /* Resources */,
			);
			buildRules = (
			);
			dependencies = (
			);
			name = "coder-swag2";
			productName = "coder-swag2";
			productReference = C257BC50220EDD28001CF994 /* coder-swag2.app */;
			productType = "com.apple.product-type.application";
		};
/* End PBXNativeTarget section */

/* Begin PBXProject section */
		C257BC48220EDD28001CF994 /* Project object */ = {
			isa = PBXProject;
			attributes = {
				LastSwiftUpdateCheck = 1010;
				LastUpgradeCheck = 1010;
				ORGANIZATIONNAME = yasinkbas;
				TargetAttributes = {
					C257BC4F220EDD28001CF994 = {
						CreatedOnToolsVersion = 10.1;
					};
				};
			};
			buildConfigurationList = C257BC4B220EDD28001CF994 /* Build configuration list for PBXProject "coder-swag2" */;
			compatibilityVersion = "Xcode 9.3";
			developmentRegion = en;
			hasScannedForEncodings = 0;
			knownRegions = (
				en,
				Base,
			);
			mainGroup = C257BC47220EDD28001CF994;
			productRefGroup = C257BC51220EDD28001CF994 /* Products */;
			projectDirPath = "";
			projectRoot = "";
			targets = (
				C257BC4F220EDD28001CF994 /* coder-swag2 */,
			);
		};
/* End PBXProject section */

/* Begin PBXResourcesBuildPhase section */
		C257BC4E220EDD28001CF994 /* Resources */ = {
			isa = PBXResourcesBuildPhase;
			buildActionMask = 2147483647;
			files = (
				C257BC5E220EDD29001CF994 /* LaunchScreen.storyboard in Resources */,
				C257BC5B220EDD29001CF994 /* Assets.xcassets in Resources */,
				C257BC59220EDD28001CF994 /* Main.storyboard in Resources */,
			);
			runOnlyForDeploymentPostprocessing = 0;
		};
/* End PBXResourcesBuildPhase section */

/* Begin PBXSourcesBuildPhase section */
		C257BC4C220EDD28001CF994 /* Sources */ = {
			isa = PBXSourcesBuildPhase;
			buildActionMask = 2147483647;
			files = (
				C260DE4622132614006C45B6 /* ProductsVC.swift in Sources */,
				C257BC56220EDD28001CF994 /* CategoriesVC.swift in Sources */,
				C257BC54220EDD28001CF994 /* AppDelegate.swift in Sources */,
				C257BC69220EE2F3001CF994 /* CategoryCell.swift in Sources */,
				C260DE422213193D006C45B6 /* ProductCell.swift in Sources */,
				C257BC6B220F1A39001CF994 /* Category.swift in Sources */,
				C257BC6E220F1EF7001CF994 /* DataService.swift in Sources */,
				C260DE4422131D47006C45B6 /* Product.swift in Sources */,
			);
			runOnlyForDeploymentPostprocessing = 0;
		};
/* End PBXSourcesBuildPhase section */

/* Begin PBXVariantGroup section */
		C257BC57220EDD28001CF994 /* Main.storyboard */ = {
			isa = PBXVariantGroup;
			children = (
				C257BC58220EDD28001CF994 /* Base */,
			);
			name = Main.storyboard;
			sourceTree = "<group>";
		};
		C257BC5C220EDD29001CF994 /* LaunchScreen.storyboard */ = {
			isa = PBXVariantGroup;
			children = (
				C257BC5D220EDD29001CF994 /* Base */,
			);
			name = LaunchScreen.storyboard;
			sourceTree = "<group>";
		};
/* End PBXVariantGroup section */

/* Begin XCBuildConfiguration section */
		C257BC60220EDD29001CF994 /* Debug */ = {
			isa = XCBuildConfiguration;
			buildSettings = {
				ALWAYS_SEARCH_USER_PATHS = NO;
				CLANG_ANALYZER_NONNULL = YES;
				CLANG_ANALYZER_NUMBER_OBJECT_CONVERSION = YES_AGGRESSIVE;
				CLANG_CXX_LANGUAGE_STANDARD = "gnu++14";
				CLANG_CXX_LIBRARY = "libc++";
				CLANG_ENABLE_MODULES = YES;
				CLANG_ENABLE_OBJC_ARC = YES;
				CLANG_ENABLE_OBJC_WEAK = YES;
				CLANG_WARN_BLOCK_CAPTURE_AUTORELEASING = YES;
				CLANG_WARN_BOOL_CONVERSION = YES;
				CLANG_WARN_COMMA = YES;
				CLANG_WARN_CONSTANT_CONVERSION = YES;
				CLANG_WARN_DEPRECATED_OBJC_IMPLEMENTATIONS = YES;
				CLANG_WARN_DIRECT_OBJC_ISA_USAGE = YES_ERROR;
				CLANG_WARN_DOCUMENTATION_COMMENTS = YES;
				CLANG_WARN_EMPTY_BODY = YES;
				CLANG_WARN_ENUM_CONVERSION = YES;
				CLANG_WARN_INFINITE_RECURSION = YES;
				CLANG_WARN_INT_CONVERSION = YES;
				CLANG_WARN_NON_LITERAL_NULL_CONVERSION = YES;
				CLANG_WARN_OBJC_IMPLICIT_RETAIN_SELF = YES;
				CLANG_WARN_OBJC_LITERAL_CONVERSION = YES;
				CLANG_WARN_OBJC_ROOT_CLASS = YES_ERROR;
				CLANG_WARN_RANGE_LOOP_ANALYSIS = YES;
				CLANG_WARN_STRICT_PROTOTYPES = YES;
				CLANG_WARN_SUSPICIOUS_MOVE = YES;
				CLANG_WARN_UNGUARDED_AVAILABILITY = YES_AGGRESSIVE;
				CLANG_WARN_UNREACHABLE_CODE = YES;
				CLANG_WARN__DUPLICATE_METHOD_MATCH = YES;
				CODE_SIGN_IDENTITY = "iPhone Developer";
				COPY_PHASE_STRIP = NO;
				DEBUG_INFORMATION_FORMAT = dwarf;
				ENABLE_STRICT_OBJC_MSGSEND = YES;
				ENABLE_TESTABILITY = YES;
				GCC_C_LANGUAGE_STANDARD = gnu11;
				GCC_DYNAMIC_NO_PIC = NO;
				GCC_NO_COMMON_BLOCKS = YES;
				GCC_OPTIMIZATION_LEVEL = 0;
				GCC_PREPROCESSOR_DEFINITIONS = (
					"DEBUG=1",
					"$(inherited)",
				);
				GCC_WARN_64_TO_32_BIT_CONVERSION = YES;
				GCC_WARN_ABOUT_RETURN_TYPE = YES_ERROR;
				GCC_WARN_UNDECLARED_SELECTOR = YES;
				GCC_WARN_UNINITIALIZED_AUTOS = YES_AGGRESSIVE;
				GCC_WARN_UNUSED_FUNCTION = YES;
				GCC_WARN_UNUSED_VARIABLE = YES;
				IPHONEOS_DEPLOYMENT_TARGET = 12.1;
				MTL_ENABLE_DEBUG_INFO = INCLUDE_SOURCE;
				MTL_FAST_MATH = YES;
				ONLY_ACTIVE_ARCH = YES;
				SDKROOT = iphoneos;
				SWIFT_ACTIVE_COMPILATION_CONDITIONS = DEBUG;
				SWIFT_OPTIMIZATION_LEVEL = "-Onone";
			};
			name = Debug;
		};
		C257BC61220EDD29001CF994 /* Release */ = {
			isa = XCBuildConfiguration;
			buildSettings = {
				ALWAYS_SEARCH_USER_PATHS = NO;
				CLANG_ANALYZER_NONNULL = YES;
				CLANG_ANALYZER_NUMBER_OBJECT_CONVERSION = YES_AGGRESSIVE;
				CLANG_CXX_LANGUAGE_STANDARD = "gnu++14";
				CLANG_CXX_LIBRARY = "libc++";
				CLANG_ENABLE_MODULES = YES;
				CLANG_ENABLE_OBJC_ARC = YES;
				CLANG_ENABLE_OBJC_WEAK = YES;
				CLANG_WARN_BLOCK_CAPTURE_AUTORELEASING = YES;
				CLANG_WARN_BOOL_CONVERSION = YES;
				CLANG_WARN_COMMA = YES;
				CLANG_WARN_CONSTANT_CONVERSION = YES;
				CLANG_WARN_DEPRECATED_OBJC_IMPLEMENTATIONS = YES;
				CLANG_WARN_DIRECT_OBJC_ISA_USAGE = YES_ERROR;
				CLANG_WARN_DOCUMENTATION_COMMENTS = YES;
				CLANG_WARN_EMPTY_BODY = YES;
				CLANG_WARN_ENUM_CONVERSION = YES;
				CLANG_WARN_INFINITE_RECURSION = YES;
				CLANG_WARN_INT_CONVERSION = YES;
				CLANG_WARN_NON_LITERAL_NULL_CONVERSION = YES;
				CLANG_WARN_OBJC_IMPLICIT_RETAIN_SELF = YES;
				CLANG_WARN_OBJC_LITERAL_CONVERSION = YES;
				CLANG_WARN_OBJC_ROOT_CLASS = YES_ERROR;
				CLANG_WARN_RANGE_LOOP_ANALYSIS = YES;
				CLANG_WARN_STRICT_PROTOTYPES = YES;
				CLANG_WARN_SUSPICIOUS_MOVE = YES;
				CLANG_WARN_UNGUARDED_AVAILABILITY = YES_AGGRESSIVE;
				CLANG_WARN_UNREACHABLE_CODE = YES;
				CLANG_WARN__DUPLICATE_METHOD_MATCH = YES;
				CODE_SIGN_IDENTITY = "iPhone Developer";
				COPY_PHASE_STRIP = NO;
				DEBUG_INFORMATION_FORMAT = "dwarf-with-dsym";
				ENABLE_NS_ASSERTIONS = NO;
				ENABLE_STRICT_OBJC_MSGSEND = YES;
				GCC_C_LANGUAGE_STANDARD = gnu11;
				GCC_NO_COMMON_BLOCKS = YES;
				GCC_WARN_64_TO_32_BIT_CONVERSION = YES;
				GCC_WARN_ABOUT_RETURN_TYPE = YES_ERROR;
				GCC_WARN_UNDECLARED_SELECTOR = YES;
				GCC_WARN_UNINITIALIZED_AUTOS = YES_AGGRESSIVE;
				GCC_WARN_UNUSED_FUNCTION = YES;
				GCC_WARN_UNUSED_VARIABLE = YES;
				IPHONEOS_DEPLOYMENT_TARGET = 12.1;
				MTL_ENABLE_DEBUG_INFO = NO;
				MTL_FAST_MATH = YES;
				SDKROOT = iphoneos;
				SWIFT_COMPILATION_MODE = wholemodule;
				SWIFT_OPTIMIZATION_LEVEL = "-O";
				VALIDATE_PRODUCT = YES;
			};
			name = Release;
		};
		C257BC63220EDD29001CF994 /* Debug */ = {
			isa = XCBuildConfiguration;
			buildSettings = {
				ASSETCATALOG_COMPILER_APPICON_NAME = AppIcon;
				CODE_SIGN_STYLE = Automatic;
				DEVELOPMENT_TEAM = 432CKYPT28;
				INFOPLIST_FILE = "coder-swag2/Info.plist";
				LD_RUNPATH_SEARCH_PATHS = (
					"$(inherited)",
					"@executable_path/Frameworks",
				);
				PRODUCT_BUNDLE_IDENTIFIER = "com.yasinkbas.coder-swag2";
				PRODUCT_NAME = "$(TARGET_NAME)";
				SWIFT_VERSION = 4.2;
				TARGETED_DEVICE_FAMILY = "1,2";
			};
			name = Debug;
		};
		C257BC64220EDD29001CF994 /* Release */ = {
			isa = XCBuildConfiguration;
			buildSettings = {
				ASSETCATALOG_COMPILER_APPICON_NAME = AppIcon;
				CODE_SIGN_STYLE = Automatic;
				DEVELOPMENT_TEAM = 432CKYPT28;
				INFOPLIST_FILE = "coder-swag2/Info.plist";
				LD_RUNPATH_SEARCH_PATHS = (
					"$(inherited)",
					"@executable_path/Frameworks",
				);
				PRODUCT_BUNDLE_IDENTIFIER = "com.yasinkbas.coder-swag2";
				PRODUCT_NAME = "$(TARGET_NAME)";
				SWIFT_VERSION = 4.2;
				TARGETED_DEVICE_FAMILY = "1,2";
			};
			name = Release;
		};
/* End XCBuildConfiguration section */

/* Begin XCConfigurationList section */
		C257BC4B220EDD28001CF994 /* Build configuration list for PBXProject "coder-swag2" */ = {
			isa = XCConfigurationList;
			buildConfigurations = (
				C257BC60220EDD29001CF994 /* Debug */,
				C257BC61220EDD29001CF994 /* Release */,
			);
			defaultConfigurationIsVisible = 0;
			defaultConfigurationName = Release;
		};
		C257BC62220EDD29001CF994 /* Build configuration list for PBXNativeTarget "coder-swag2" */ = {
			isa = XCConfigurationList;
			buildConfigurations = (
				C257BC63220EDD29001CF994 /* Debug */,
				C257BC64220EDD29001CF994 /* Release */,
			);
			defaultConfigurationIsVisible = 0;
			defaultConfigurationName = Release;
		};
/* End XCConfigurationList section */
	};
	rootObject = C257BC48220EDD28001CF994 /* Project object */;
}
