// !$*UTF8*$!
{
	archiveVersion = 1;
	classes = {
	};
	objectVersion = 50;
	objects = {

/* Begin PBXBuildFile section */
		C2155EFC2229688600BBF99C /* FinishGoalVC.swift in Sources */ = {isa = PBXBuildFile; fileRef = C2155EFB2229688600BBF99C /* FinishGoalVC.swift */; };
		C241721422281802008248E6 /* GoalType.swift in Sources */ = {isa = PBXBuildFile; fileRef = C241721322281802008248E6 /* GoalType.swift */; };
		C241721622282100008248E6 /* CreateGoalVC.swift in Sources */ = {isa = PBXBuildFile; fileRef = C241721522282100008248E6 /* CreateGoalVC.swift */; };
		C24172182228230E008248E6 /* UIViewControllerExtension.swift in Sources */ = {isa = PBXBuildFile; fileRef = C24172172228230E008248E6 /* UIViewControllerExtension.swift */; };
		C241721A22283547008248E6 /* UIViewExtension.swift in Sources */ = {isa = PBXBuildFile; fileRef = C241721922283547008248E6 /* UIViewExtension.swift */; };
		C241721C22283C99008248E6 /* UIButtonExtension.swift in Sources */ = {isa = PBXBuildFile; fileRef = C241721B22283C99008248E6 /* UIButtonExtension.swift */; };
		C2EC5D1A22254EAA004313B2 /* AppDelegate.swift in Sources */ = {isa = PBXBuildFile; fileRef = C2EC5D1922254EAA004313B2 /* AppDelegate.swift */; };
		C2EC5D1C22254EAA004313B2 /* GoalsVC.swift in Sources */ = {isa = PBXBuildFile; fileRef = C2EC5D1B22254EAA004313B2 /* GoalsVC.swift */; };
		C2EC5D1F22254EAA004313B2 /* Main.storyboard in Resources */ = {isa = PBXBuildFile; fileRef = C2EC5D1D22254EAA004313B2 /* Main.storyboard */; };
		C2EC5D2222254EAA004313B2 /* GoalPost.xcdatamodeld in Sources */ = {isa = PBXBuildFile; fileRef = C2EC5D2022254EAA004313B2 /* GoalPost.xcdatamodeld */; };
		C2EC5D2422254EAA004313B2 /* Assets.xcassets in Resources */ = {isa = PBXBuildFile; fileRef = C2EC5D2322254EAA004313B2 /* Assets.xcassets */; };
		C2EC5D2722254EAA004313B2 /* LaunchScreen.storyboard in Resources */ = {isa = PBXBuildFile; fileRef = C2EC5D2522254EAA004313B2 /* LaunchScreen.storyboard */; };
		C2EC5D33222588E6004313B2 /* GoalCell.swift in Sources */ = {isa = PBXBuildFile; fileRef = C2EC5D32222588E6004313B2 /* GoalCell.swift */; };
/* End PBXBuildFile section */

/* Begin PBXFileReference section */
		C2155EFB2229688600BBF99C /* FinishGoalVC.swift */ = {isa = PBXFileReference; lastKnownFileType = sourcecode.swift; path = FinishGoalVC.swift; sourceTree = "<group>"; };
		C241721322281802008248E6 /* GoalType.swift */ = {isa = PBXFileReference; lastKnownFileType = sourcecode.swift; path = GoalType.swift; sourceTree = "<group>"; };
		C241721522282100008248E6 /* CreateGoalVC.swift */ = {isa = PBXFileReference; lastKnownFileType = sourcecode.swift; path = CreateGoalVC.swift; sourceTree = "<group>"; };
		C24172172228230E008248E6 /* UIViewControllerExtension.swift */ = {isa = PBXFileReference; lastKnownFileType = sourcecode.swift; path = UIViewControllerExtension.swift; sourceTree = "<group>"; };
		C241721922283547008248E6 /* UIViewExtension.swift */ = {isa = PBXFileReference; lastKnownFileType = sourcecode.swift; path = UIViewExtension.swift; sourceTree = "<group>"; };
		C241721B22283C99008248E6 /* UIButtonExtension.swift */ = {isa = PBXFileReference; lastKnownFileType = sourcecode.swift; path = UIButtonExtension.swift; sourceTree = "<group>"; };
		C2EC5D1622254EAA004313B2 /* GoalPost.app */ = {isa = PBXFileReference; explicitFileType = wrapper.application; includeInIndex = 0; path = GoalPost.app; sourceTree = BUILT_PRODUCTS_DIR; };
		C2EC5D1922254EAA004313B2 /* AppDelegate.swift */ = {isa = PBXFileReference; lastKnownFileType = sourcecode.swift; path = AppDelegate.swift; sourceTree = "<group>"; };
		C2EC5D1B22254EAA004313B2 /* GoalsVC.swift */ = {isa = PBXFileReference; lastKnownFileType = sourcecode.swift; path = GoalsVC.swift; sourceTree = "<group>"; };
		C2EC5D1E22254EAA004313B2 /* Base */ = {isa = PBXFileReference; lastKnownFileType = file.storyboard; name = Base; path = Base.lproj/Main.storyboard; sourceTree = "<group>"; };
		C2EC5D2122254EAA004313B2 /* GoalPost.xcdatamodel */ = {isa = PBXFileReference; lastKnownFileType = wrapper.xcdatamodel; path = GoalPost.xcdatamodel; sourceTree = "<group>"; };
		C2EC5D2322254EAA004313B2 /* Assets.xcassets */ = {isa = PBXFileReference; lastKnownFileType = folder.assetcatalog; path = Assets.xcassets; sourceTree = "<group>"; };
		C2EC5D2622254EAA004313B2 /* Base */ = {isa = PBXFileReference; lastKnownFileType = file.storyboard; name = Base; path = Base.lproj/LaunchScreen.storyboard; sourceTree = "<group>"; };
		C2EC5D2822254EAA004313B2 /* Info.plist */ = {isa = PBXFileReference; lastKnownFileType = text.plist.xml; path = Info.plist; sourceTree = "<group>"; };
		C2EC5D32222588E6004313B2 /* GoalCell.swift */ = {isa = PBXFileReference; lastKnownFileType = sourcecode.swift; path = GoalCell.swift; sourceTree = "<group>"; };
/* End PBXFileReference section */

/* Begin PBXFrameworksBuildPhase section */
		C2EC5D1322254EAA004313B2 /* Frameworks */ = {
			isa = PBXFrameworksBuildPhase;
			buildActionMask = 2147483647;
			files = (
			);
			runOnlyForDeploymentPostprocessing = 0;
		};
/* End PBXFrameworksBuildPhase section */

/* Begin PBXGroup section */
		C2EC5D0D22254EAA004313B2 = {
			isa = PBXGroup;
			children = (
				C2EC5D1822254EAA004313B2 /* GoalPost */,
				C2EC5D1722254EAA004313B2 /* Products */,
			);
			sourceTree = "<group>";
		};
		C2EC5D1722254EAA004313B2 /* Products */ = {
			isa = PBXGroup;
			children = (
				C2EC5D1622254EAA004313B2 /* GoalPost.app */,
			);
			name = Products;
			sourceTree = "<group>";
		};
		C2EC5D1822254EAA004313B2 /* GoalPost */ = {
			isa = PBXGroup;
			children = (
				C2EC5D3122254ED4004313B2 /* Enums */,
				C2EC5D3022254ECE004313B2 /* Extensions */,
				C2EC5D2F22254EC9004313B2 /* Controllers */,
				C2EC5D2E22254EC4004313B2 /* Views */,
				C2EC5D1922254EAA004313B2 /* AppDelegate.swift */,
				C2EC5D1D22254EAA004313B2 /* Main.storyboard */,
				C2EC5D2322254EAA004313B2 /* Assets.xcassets */,
				C2EC5D2522254EAA004313B2 /* LaunchScreen.storyboard */,
				C2EC5D2822254EAA004313B2 /* Info.plist */,
				C2EC5D2022254EAA004313B2 /* GoalPost.xcdatamodeld */,
			);
			path = GoalPost;
			sourceTree = "<group>";
		};
		C2EC5D2E22254EC4004313B2 /* Views */ = {
			isa = PBXGroup;
			children = (
				C2EC5D32222588E6004313B2 /* GoalCell.swift */,
			);
			path = Views;
			sourceTree = "<group>";
		};
		C2EC5D2F22254EC9004313B2 /* Controllers */ = {
			isa = PBXGroup;
			children = (
				C2EC5D1B22254EAA004313B2 /* GoalsVC.swift */,
				C241721522282100008248E6 /* CreateGoalVC.swift */,
				C2155EFB2229688600BBF99C /* FinishGoalVC.swift */,
			);
			path = Controllers;
			sourceTree = "<group>";
		};
		C2EC5D3022254ECE004313B2 /* Extensions */ = {
			isa = PBXGroup;
			children = (
				C24172172228230E008248E6 /* UIViewControllerExtension.swift */,
				C241721922283547008248E6 /* UIViewExtension.swift */,
				C241721B22283C99008248E6 /* UIButtonExtension.swift */,
			);
			path = Extensions;
			sourceTree = "<group>";
		};
		C2EC5D3122254ED4004313B2 /* Enums */ = {
			isa = PBXGroup;
			children = (
				C241721322281802008248E6 /* GoalType.swift */,
			);
			path = Enums;
			sourceTree = "<group>";
		};
/* End PBXGroup section */

/* Begin PBXNativeTarget section */
		C2EC5D1522254EAA004313B2 /* GoalPost */ = {
			isa = PBXNativeTarget;
			buildConfigurationList = C2EC5D2B22254EAA004313B2 /* Build configuration list for PBXNativeTarget "GoalPost" */;
			buildPhases = (
				C2EC5D1222254EAA004313B2 /* Sources */,
				C2EC5D1322254EAA004313B2 /* Frameworks */,
				C2EC5D1422254EAA004313B2 /* Resources */,
			);
			buildRules = (
			);
			dependencies = (
			);
			name = GoalPost;
			productName = GoalPost;
			productReference = C2EC5D1622254EAA004313B2 /* GoalPost.app */;
			productType = "com.apple.product-type.application";
		};
/* End PBXNativeTarget section */

/* Begin PBXProject section */
		C2EC5D0E22254EAA004313B2 /* Project object */ = {
			isa = PBXProject;
			attributes = {
				LastSwiftUpdateCheck = 1010;
				LastUpgradeCheck = 1010;
				ORGANIZATIONNAME = yasinkbas;
				TargetAttributes = {
					C2EC5D1522254EAA004313B2 = {
						CreatedOnToolsVersion = 10.1;
					};
				};
			};
			buildConfigurationList = C2EC5D1122254EAA004313B2 /* Build configuration list for PBXProject "GoalPost" */;
			compatibilityVersion = "Xcode 9.3";
			developmentRegion = en;
			hasScannedForEncodings = 0;
			knownRegions = (
				en,
				Base,
			);
			mainGroup = C2EC5D0D22254EAA004313B2;
			productRefGroup = C2EC5D1722254EAA004313B2 /* Products */;
			projectDirPath = "";
			projectRoot = "";
			targets = (
				C2EC5D1522254EAA004313B2 /* GoalPost */,
			);
		};
/* End PBXProject section */

/* Begin PBXResourcesBuildPhase section */
		C2EC5D1422254EAA004313B2 /* Resources */ = {
			isa = PBXResourcesBuildPhase;
			buildActionMask = 2147483647;
			files = (
				C2EC5D2722254EAA004313B2 /* LaunchScreen.storyboard in Resources */,
				C2EC5D2422254EAA004313B2 /* Assets.xcassets in Resources */,
				C2EC5D1F22254EAA004313B2 /* Main.storyboard in Resources */,
			);
			runOnlyForDeploymentPostprocessing = 0;
		};
/* End PBXResourcesBuildPhase section */

/* Begin PBXSourcesBuildPhase section */
		C2EC5D1222254EAA004313B2 /* Sources */ = {
			isa = PBXSourcesBuildPhase;
			buildActionMask = 2147483647;
			files = (
				C2EC5D33222588E6004313B2 /* GoalCell.swift in Sources */,
				C241721622282100008248E6 /* CreateGoalVC.swift in Sources */,
				C241721422281802008248E6 /* GoalType.swift in Sources */,
				C2EC5D1C22254EAA004313B2 /* GoalsVC.swift in Sources */,
				C2EC5D1A22254EAA004313B2 /* AppDelegate.swift in Sources */,
				C241721C22283C99008248E6 /* UIButtonExtension.swift in Sources */,
				C24172182228230E008248E6 /* UIViewControllerExtension.swift in Sources */,
				C241721A22283547008248E6 /* UIViewExtension.swift in Sources */,
				C2155EFC2229688600BBF99C /* FinishGoalVC.swift in Sources */,
				C2EC5D2222254EAA004313B2 /* GoalPost.xcdatamodeld in Sources */,
			);
			runOnlyForDeploymentPostprocessing = 0;
		};
/* End PBXSourcesBuildPhase section */

/* Begin PBXVariantGroup section */
		C2EC5D1D22254EAA004313B2 /* Main.storyboard */ = {
			isa = PBXVariantGroup;
			children = (
				C2EC5D1E22254EAA004313B2 /* Base */,
			);
			name = Main.storyboard;
			sourceTree = "<group>";
		};
		C2EC5D2522254EAA004313B2 /* LaunchScreen.storyboard */ = {
			isa = PBXVariantGroup;
			children = (
				C2EC5D2622254EAA004313B2 /* Base */,
			);
			name = LaunchScreen.storyboard;
			sourceTree = "<group>";
		};
/* End PBXVariantGroup section */

/* Begin XCBuildConfiguration section */
		C2EC5D2922254EAA004313B2 /* Debug */ = {
			isa = XCBuildConfiguration;
			buildSettings = {
				ALWAYS_SEARCH_USER_PATHS = NO;
				CLANG_ANALYZER_NONNULL = YES;
				CLANG_ANALYZER_NUMBER_OBJECT_CONVERSION = YES_AGGRESSIVE;
				CLANG_CXX_LANGUAGE_STANDARD = "gnu++14";
				CLANG_CXX_LIBRARY = "libc++";
				CLANG_ENABLE_MODULES = YES;
				CLANG_ENABLE_OBJC_ARC = YES;
				CLANG_ENABLE_OBJC_WEAK = YES;
				CLANG_WARN_BLOCK_CAPTURE_AUTORELEASING = YES;
				CLANG_WARN_BOOL_CONVERSION = YES;
				CLANG_WARN_COMMA = YES;
				CLANG_WARN_CONSTANT_CONVERSION = YES;
				CLANG_WARN_DEPRECATED_OBJC_IMPLEMENTATIONS = YES;
				CLANG_WARN_DIRECT_OBJC_ISA_USAGE = YES_ERROR;
				CLANG_WARN_DOCUMENTATION_COMMENTS = YES;
				CLANG_WARN_EMPTY_BODY = YES;
				CLANG_WARN_ENUM_CONVERSION = YES;
				CLANG_WARN_INFINITE_RECURSION = YES;
				CLANG_WARN_INT_CONVERSION = YES;
				CLANG_WARN_NON_LITERAL_NULL_CONVERSION = YES;
				CLANG_WARN_OBJC_IMPLICIT_RETAIN_SELF = YES;
				CLANG_WARN_OBJC_LITERAL_CONVERSION = YES;
				CLANG_WARN_OBJC_ROOT_CLASS = YES_ERROR;
				CLANG_WARN_RANGE_LOOP_ANALYSIS = YES;
				CLANG_WARN_STRICT_PROTOTYPES = YES;
				CLANG_WARN_SUSPICIOUS_MOVE = YES;
				CLANG_WARN_UNGUARDED_AVAILABILITY = YES_AGGRESSIVE;
				CLANG_WARN_UNREACHABLE_CODE = YES;
				CLANG_WARN__DUPLICATE_METHOD_MATCH = YES;
				CODE_SIGN_IDENTITY = "iPhone Developer";
				COPY_PHASE_STRIP = NO;
				DEBUG_INFORMATION_FORMAT = dwarf;
				ENABLE_STRICT_OBJC_MSGSEND = YES;
				ENABLE_TESTABILITY = YES;
				GCC_C_LANGUAGE_STANDARD = gnu11;
				GCC_DYNAMIC_NO_PIC = NO;
				GCC_NO_COMMON_BLOCKS = YES;
				GCC_OPTIMIZATION_LEVEL = 0;
				GCC_PREPROCESSOR_DEFINITIONS = (
					"DEBUG=1",
					"$(inherited)",
				);
				GCC_WARN_64_TO_32_BIT_CONVERSION = YES;
				GCC_WARN_ABOUT_RETURN_TYPE = YES_ERROR;
				GCC_WARN_UNDECLARED_SELECTOR = YES;
				GCC_WARN_UNINITIALIZED_AUTOS = YES_AGGRESSIVE;
				GCC_WARN_UNUSED_FUNCTION = YES;
				GCC_WARN_UNUSED_VARIABLE = YES;
				IPHONEOS_DEPLOYMENT_TARGET = 12.1;
				MTL_ENABLE_DEBUG_INFO = INCLUDE_SOURCE;
				MTL_FAST_MATH = YES;
				ONLY_ACTIVE_ARCH = YES;
				SDKROOT = iphoneos;
				SWIFT_ACTIVE_COMPILATION_CONDITIONS = DEBUG;
				SWIFT_OPTIMIZATION_LEVEL = "-Onone";
			};
			name = Debug;
		};
		C2EC5D2A22254EAA004313B2 /* Release */ = {
			isa = XCBuildConfiguration;
			buildSettings = {
				ALWAYS_SEARCH_USER_PATHS = NO;
				CLANG_ANALYZER_NONNULL = YES;
				CLANG_ANALYZER_NUMBER_OBJECT_CONVERSION = YES_AGGRESSIVE;
				CLANG_CXX_LANGUAGE_STANDARD = "gnu++14";
				CLANG_CXX_LIBRARY = "libc++";
				CLANG_ENABLE_MODULES = YES;
				CLANG_ENABLE_OBJC_ARC = YES;
				CLANG_ENABLE_OBJC_WEAK = YES;
				CLANG_WARN_BLOCK_CAPTURE_AUTORELEASING = YES;
				CLANG_WARN_BOOL_CONVERSION = YES;
				CLANG_WARN_COMMA = YES;
				CLANG_WARN_CONSTANT_CONVERSION = YES;
				CLANG_WARN_DEPRECATED_OBJC_IMPLEMENTATIONS = YES;
				CLANG_WARN_DIRECT_OBJC_ISA_USAGE = YES_ERROR;
				CLANG_WARN_DOCUMENTATION_COMMENTS = YES;
				CLANG_WARN_EMPTY_BODY = YES;
				CLANG_WARN_ENUM_CONVERSION = YES;
				CLANG_WARN_INFINITE_RECURSION = YES;
				CLANG_WARN_INT_CONVERSION = YES;
				CLANG_WARN_NON_LITERAL_NULL_CONVERSION = YES;
				CLANG_WARN_OBJC_IMPLICIT_RETAIN_SELF = YES;
				CLANG_WARN_OBJC_LITERAL_CONVERSION = YES;
				CLANG_WARN_OBJC_ROOT_CLASS = YES_ERROR;
				CLANG_WARN_RANGE_LOOP_ANALYSIS = YES;
				CLANG_WARN_STRICT_PROTOTYPES = YES;
				CLANG_WARN_SUSPICIOUS_MOVE = YES;
				CLANG_WARN_UNGUARDED_AVAILABILITY = YES_AGGRESSIVE;
				CLANG_WARN_UNREACHABLE_CODE = YES;
				CLANG_WARN__DUPLICATE_METHOD_MATCH = YES;
				CODE_SIGN_IDENTITY = "iPhone Developer";
				COPY_PHASE_STRIP = NO;
				DEBUG_INFORMATION_FORMAT = "dwarf-with-dsym";
				ENABLE_NS_ASSERTIONS = NO;
				ENABLE_STRICT_OBJC_MSGSEND = YES;
				GCC_C_LANGUAGE_STANDARD = gnu11;
				GCC_NO_COMMON_BLOCKS = YES;
				GCC_WARN_64_TO_32_BIT_CONVERSION = YES;
				GCC_WARN_ABOUT_RETURN_TYPE = YES_ERROR;
				GCC_WARN_UNDECLARED_SELECTOR = YES;
				GCC_WARN_UNINITIALIZED_AUTOS = YES_AGGRESSIVE;
				GCC_WARN_UNUSED_FUNCTION = YES;
				GCC_WARN_UNUSED_VARIABLE = YES;
				IPHONEOS_DEPLOYMENT_TARGET = 12.1;
				MTL_ENABLE_DEBUG_INFO = NO;
				MTL_FAST_MATH = YES;
				SDKROOT = iphoneos;
				SWIFT_COMPILATION_MODE = wholemodule;
				SWIFT_OPTIMIZATION_LEVEL = "-O";
				VALIDATE_PRODUCT = YES;
			};
			name = Release;
		};
		C2EC5D2C22254EAA004313B2 /* Debug */ = {
			isa = XCBuildConfiguration;
			buildSettings = {
				ASSETCATALOG_COMPILER_APPICON_NAME = AppIcon;
				CODE_SIGN_STYLE = Automatic;
				DEVELOPMENT_TEAM = 432CKYPT28;
				INFOPLIST_FILE = GoalPost/Info.plist;
				LD_RUNPATH_SEARCH_PATHS = (
					"$(inherited)",
					"@executable_path/Frameworks",
				);
				PRODUCT_BUNDLE_IDENTIFIER = com.yasinkbas.GoalPost;
				PRODUCT_NAME = "$(TARGET_NAME)";
				SWIFT_VERSION = 4.2;
				TARGETED_DEVICE_FAMILY = "1,2";
			};
			name = Debug;
		};
		C2EC5D2D22254EAA004313B2 /* Release */ = {
			isa = XCBuildConfiguration;
			buildSettings = {
				ASSETCATALOG_COMPILER_APPICON_NAME = AppIcon;
				CODE_SIGN_STYLE = Automatic;
				DEVELOPMENT_TEAM = 432CKYPT28;
				INFOPLIST_FILE = GoalPost/Info.plist;
				LD_RUNPATH_SEARCH_PATHS = (
					"$(inherited)",
					"@executable_path/Frameworks",
				);
				PRODUCT_BUNDLE_IDENTIFIER = com.yasinkbas.GoalPost;
				PRODUCT_NAME = "$(TARGET_NAME)";
				SWIFT_VERSION = 4.2;
				TARGETED_DEVICE_FAMILY = "1,2";
			};
			name = Release;
		};
/* End XCBuildConfiguration section */

/* Begin XCConfigurationList section */
		C2EC5D1122254EAA004313B2 /* Build configuration list for PBXProject "GoalPost" */ = {
			isa = XCConfigurationList;
			buildConfigurations = (
				C2EC5D2922254EAA004313B2 /* Debug */,
				C2EC5D2A22254EAA004313B2 /* Release */,
			);
			defaultConfigurationIsVisible = 0;
			defaultConfigurationName = Release;
		};
		C2EC5D2B22254EAA004313B2 /* Build configuration list for PBXNativeTarget "GoalPost" */ = {
			isa = XCConfigurationList;
			buildConfigurations = (
				C2EC5D2C22254EAA004313B2 /* Debug */,
				C2EC5D2D22254EAA004313B2 /* Release */,
			);
			defaultConfigurationIsVisible = 0;
			defaultConfigurationName = Release;
		};
/* End XCConfigurationList section */

/* Begin XCVersionGroup section */
		C2EC5D2022254EAA004313B2 /* GoalPost.xcdatamodeld */ = {
			isa = XCVersionGroup;
			children = (
				C2EC5D2122254EAA004313B2 /* GoalPost.xcdatamodel */,
			);
			currentVersion = C2EC5D2122254EAA004313B2 /* GoalPost.xcdatamodel */;
			path = GoalPost.xcdatamodeld;
			sourceTree = "<group>";
			versionGroupType = wrapper.xcdatamodel;
		};
/* End XCVersionGroup section */
	};
	rootObject = C2EC5D0E22254EAA004313B2 /* Project object */;
}
