// !$*UTF8*$!
{
	archiveVersion = 1;
	classes = {
	};
	objectVersion = 50;
	objects = {

/* Begin PBXBuildFile section */
		C220C145224D3938002DD73D /* AppDelegate.swift in Sources */ = {isa = PBXBuildFile; fileRef = C220C144224D3938002DD73D /* AppDelegate.swift */; };
		C220C147224D3938002DD73D /* ViewController.swift in Sources */ = {isa = PBXBuildFile; fileRef = C220C146224D3938002DD73D /* ViewController.swift */; };
		C220C14A224D3938002DD73D /* Main.storyboard in Resources */ = {isa = PBXBuildFile; fileRef = C220C148224D3938002DD73D /* Main.storyboard */; };
		C220C14C224D3939002DD73D /* Assets.xcassets in Resources */ = {isa = PBXBuildFile; fileRef = C220C14B224D3939002DD73D /* Assets.xcassets */; };
		C220C14F224D3939002DD73D /* LaunchScreen.storyboard in Resources */ = {isa = PBXBuildFile; fileRef = C220C14D224D3939002DD73D /* LaunchScreen.storyboard */; };
		C220C157224D3B7F002DD73D /* Extensions.swift in Sources */ = {isa = PBXBuildFile; fileRef = C220C156224D3B7F002DD73D /* Extensions.swift */; };
		C220C159224D41C5002DD73D /* CustomizeButton.swift in Sources */ = {isa = PBXBuildFile; fileRef = C220C158224D41C5002DD73D /* CustomizeButton.swift */; };
		C25136B8224E88DA0077C555 /* CircleAnimationVC.swift in Sources */ = {isa = PBXBuildFile; fileRef = C25136B7224E88DA0077C555 /* CircleAnimationVC.swift */; };
/* End PBXBuildFile section */

/* Begin PBXFileReference section */
		C220C141224D3938002DD73D /* AnimationPractices.app */ = {isa = PBXFileReference; explicitFileType = wrapper.application; includeInIndex = 0; path = AnimationPractices.app; sourceTree = BUILT_PRODUCTS_DIR; };
		C220C144224D3938002DD73D /* AppDelegate.swift */ = {isa = PBXFileReference; lastKnownFileType = sourcecode.swift; path = AppDelegate.swift; sourceTree = "<group>"; };
		C220C146224D3938002DD73D /* ViewController.swift */ = {isa = PBXFileReference; lastKnownFileType = sourcecode.swift; path = ViewController.swift; sourceTree = "<group>"; };
		C220C149224D3938002DD73D /* Base */ = {isa = PBXFileReference; lastKnownFileType = file.storyboard; name = Base; path = Base.lproj/Main.storyboard; sourceTree = "<group>"; };
		C220C14B224D3939002DD73D /* Assets.xcassets */ = {isa = PBXFileReference; lastKnownFileType = folder.assetcatalog; path = Assets.xcassets; sourceTree = "<group>"; };
		C220C14E224D3939002DD73D /* Base */ = {isa = PBXFileReference; lastKnownFileType = file.storyboard; name = Base; path = Base.lproj/LaunchScreen.storyboard; sourceTree = "<group>"; };
		C220C150224D3939002DD73D /* Info.plist */ = {isa = PBXFileReference; lastKnownFileType = text.plist.xml; path = Info.plist; sourceTree = "<group>"; };
		C220C156224D3B7F002DD73D /* Extensions.swift */ = {isa = PBXFileReference; lastKnownFileType = sourcecode.swift; path = Extensions.swift; sourceTree = "<group>"; };
		C220C158224D41C5002DD73D /* CustomizeButton.swift */ = {isa = PBXFileReference; lastKnownFileType = sourcecode.swift; path = CustomizeButton.swift; sourceTree = "<group>"; };
		C25136B7224E88DA0077C555 /* CircleAnimationVC.swift */ = {isa = PBXFileReference; lastKnownFileType = sourcecode.swift; path = CircleAnimationVC.swift; sourceTree = "<group>"; };
/* End PBXFileReference section */

/* Begin PBXFrameworksBuildPhase section */
		C220C13E224D3938002DD73D /* Frameworks */ = {
			isa = PBXFrameworksBuildPhase;
			buildActionMask = 2147483647;
			files = (
			);
			runOnlyForDeploymentPostprocessing = 0;
		};
/* End PBXFrameworksBuildPhase section */

/* Begin PBXGroup section */
		C220C138224D3938002DD73D = {
			isa = PBXGroup;
			children = (
				C220C143224D3938002DD73D /* AnimationPractices */,
				C220C142224D3938002DD73D /* Products */,
			);
			sourceTree = "<group>";
		};
		C220C142224D3938002DD73D /* Products */ = {
			isa = PBXGroup;
			children = (
				C220C141224D3938002DD73D /* AnimationPractices.app */,
			);
			name = Products;
			sourceTree = "<group>";
		};
		C220C143224D3938002DD73D /* AnimationPractices */ = {
			isa = PBXGroup;
			children = (
				C25136BB224E88E60077C555 /* View */,
				C25136BA224E88E20077C555 /* Model */,
				C25136B9224E88DD0077C555 /* Controller */,
				C220C144224D3938002DD73D /* AppDelegate.swift */,
				C220C148224D3938002DD73D /* Main.storyboard */,
				C220C14B224D3939002DD73D /* Assets.xcassets */,
				C220C14D224D3939002DD73D /* LaunchScreen.storyboard */,
				C220C150224D3939002DD73D /* Info.plist */,
				C220C156224D3B7F002DD73D /* Extensions.swift */,
			);
			path = AnimationPractices;
			sourceTree = "<group>";
		};
		C25136B9224E88DD0077C555 /* Controller */ = {
			isa = PBXGroup;
			children = (
				C220C146224D3938002DD73D /* ViewController.swift */,
				C25136B7224E88DA0077C555 /* CircleAnimationVC.swift */,
			);
			path = Controller;
			sourceTree = "<group>";
		};
		C25136BA224E88E20077C555 /* Model */ = {
			isa = PBXGroup;
			children = (
			);
			path = Model;
			sourceTree = "<group>";
		};
		C25136BB224E88E60077C555 /* View */ = {
			isa = PBXGroup;
			children = (
				C220C158224D41C5002DD73D /* CustomizeButton.swift */,
			);
			path = View;
			sourceTree = "<group>";
		};
/* End PBXGroup section */

/* Begin PBXNativeTarget section */
		C220C140224D3938002DD73D /* AnimationPractices */ = {
			isa = PBXNativeTarget;
			buildConfigurationList = C220C153224D3939002DD73D /* Build configuration list for PBXNativeTarget "AnimationPractices" */;
			buildPhases = (
				C220C13D224D3938002DD73D /* Sources */,
				C220C13E224D3938002DD73D /* Frameworks */,
				C220C13F224D3938002DD73D /* Resources */,
			);
			buildRules = (
			);
			dependencies = (
			);
			name = AnimationPractices;
			productName = AnimationPractices;
			productReference = C220C141224D3938002DD73D /* AnimationPractices.app */;
			productType = "com.apple.product-type.application";
		};
/* End PBXNativeTarget section */

/* Begin PBXProject section */
		C220C139224D3938002DD73D /* Project object */ = {
			isa = PBXProject;
			attributes = {
				LastSwiftUpdateCheck = 1020;
				LastUpgradeCheck = 1020;
				ORGANIZATIONNAME = yasinkbas;
				TargetAttributes = {
					C220C140224D3938002DD73D = {
						CreatedOnToolsVersion = 10.2;
					};
				};
			};
			buildConfigurationList = C220C13C224D3938002DD73D /* Build configuration list for PBXProject "AnimationPractices" */;
			compatibilityVersion = "Xcode 9.3";
			developmentRegion = en;
			hasScannedForEncodings = 0;
			knownRegions = (
				en,
				Base,
			);
			mainGroup = C220C138224D3938002DD73D;
			productRefGroup = C220C142224D3938002DD73D /* Products */;
			projectDirPath = "";
			projectRoot = "";
			targets = (
				C220C140224D3938002DD73D /* AnimationPractices */,
			);
		};
/* End PBXProject section */

/* Begin PBXResourcesBuildPhase section */
		C220C13F224D3938002DD73D /* Resources */ = {
			isa = PBXResourcesBuildPhase;
			buildActionMask = 2147483647;
			files = (
				C220C14F224D3939002DD73D /* LaunchScreen.storyboard in Resources */,
				C220C14C224D3939002DD73D /* Assets.xcassets in Resources */,
				C220C14A224D3938002DD73D /* Main.storyboard in Resources */,
			);
			runOnlyForDeploymentPostprocessing = 0;
		};
/* End PBXResourcesBuildPhase section */

/* Begin PBXSourcesBuildPhase section */
		C220C13D224D3938002DD73D /* Sources */ = {
			isa = PBXSourcesBuildPhase;
			buildActionMask = 2147483647;
			files = (
				C220C147224D3938002DD73D /* ViewController.swift in Sources */,
				C220C157224D3B7F002DD73D /* Extensions.swift in Sources */,
				C25136B8224E88DA0077C555 /* CircleAnimationVC.swift in Sources */,
				C220C145224D3938002DD73D /* AppDelegate.swift in Sources */,
				C220C159224D41C5002DD73D /* CustomizeButton.swift in Sources */,
			);
			runOnlyForDeploymentPostprocessing = 0;
		};
/* End PBXSourcesBuildPhase section */

/* Begin PBXVariantGroup section */
		C220C148224D3938002DD73D /* Main.storyboard */ = {
			isa = PBXVariantGroup;
			children = (
				C220C149224D3938002DD73D /* Base */,
			);
			name = Main.storyboard;
			sourceTree = "<group>";
		};
		C220C14D224D3939002DD73D /* LaunchScreen.storyboard */ = {
			isa = PBXVariantGroup;
			children = (
				C220C14E224D3939002DD73D /* Base */,
			);
			name = LaunchScreen.storyboard;
			sourceTree = "<group>";
		};
/* End PBXVariantGroup section */

/* Begin XCBuildConfiguration section */
		C220C151224D3939002DD73D /* Debug */ = {
			isa = XCBuildConfiguration;
			buildSettings = {
				ALWAYS_SEARCH_USER_PATHS = NO;
				CLANG_ANALYZER_NONNULL = YES;
				CLANG_ANALYZER_NUMBER_OBJECT_CONVERSION = YES_AGGRESSIVE;
				CLANG_CXX_LANGUAGE_STANDARD = "gnu++14";
				CLANG_CXX_LIBRARY = "libc++";
				CLANG_ENABLE_MODULES = YES;
				CLANG_ENABLE_OBJC_ARC = YES;
				CLANG_ENABLE_OBJC_WEAK = YES;
				CLANG_WARN_BLOCK_CAPTURE_AUTORELEASING = YES;
				CLANG_WARN_BOOL_CONVERSION = YES;
				CLANG_WARN_COMMA = YES;
				CLANG_WARN_CONSTANT_CONVERSION = YES;
				CLANG_WARN_DEPRECATED_OBJC_IMPLEMENTATIONS = YES;
				CLANG_WARN_DIRECT_OBJC_ISA_USAGE = YES_ERROR;
				CLANG_WARN_DOCUMENTATION_COMMENTS = YES;
				CLANG_WARN_EMPTY_BODY = YES;
				CLANG_WARN_ENUM_CONVERSION = YES;
				CLANG_WARN_INFINITE_RECURSION = YES;
				CLANG_WARN_INT_CONVERSION = YES;
				CLANG_WARN_NON_LITERAL_NULL_CONVERSION = YES;
				CLANG_WARN_OBJC_IMPLICIT_RETAIN_SELF = YES;
				CLANG_WARN_OBJC_LITERAL_CONVERSION = YES;
				CLANG_WARN_OBJC_ROOT_CLASS = YES_ERROR;
				CLANG_WARN_RANGE_LOOP_ANALYSIS = YES;
				CLANG_WARN_STRICT_PROTOTYPES = YES;
				CLANG_WARN_SUSPICIOUS_MOVE = YES;
				CLANG_WARN_UNGUARDED_AVAILABILITY = YES_AGGRESSIVE;
				CLANG_WARN_UNREACHABLE_CODE = YES;
				CLANG_WARN__DUPLICATE_METHOD_MATCH = YES;
				CODE_SIGN_IDENTITY = "iPhone Developer";
				COPY_PHASE_STRIP = NO;
				DEBUG_INFORMATION_FORMAT = dwarf;
				ENABLE_STRICT_OBJC_MSGSEND = YES;
				ENABLE_TESTABILITY = YES;
				GCC_C_LANGUAGE_STANDARD = gnu11;
				GCC_DYNAMIC_NO_PIC = NO;
				GCC_NO_COMMON_BLOCKS = YES;
				GCC_OPTIMIZATION_LEVEL = 0;
				GCC_PREPROCESSOR_DEFINITIONS = (
					"DEBUG=1",
					"$(inherited)",
				);
				GCC_WARN_64_TO_32_BIT_CONVERSION = YES;
				GCC_WARN_ABOUT_RETURN_TYPE = YES_ERROR;
				GCC_WARN_UNDECLARED_SELECTOR = YES;
				GCC_WARN_UNINITIALIZED_AUTOS = YES_AGGRESSIVE;
				GCC_WARN_UNUSED_FUNCTION = YES;
				GCC_WARN_UNUSED_VARIABLE = YES;
				IPHONEOS_DEPLOYMENT_TARGET = 12.2;
				MTL_ENABLE_DEBUG_INFO = INCLUDE_SOURCE;
				MTL_FAST_MATH = YES;
				ONLY_ACTIVE_ARCH = YES;
				SDKROOT = iphoneos;
				SWIFT_ACTIVE_COMPILATION_CONDITIONS = DEBUG;
				SWIFT_OPTIMIZATION_LEVEL = "-Onone";
			};
			name = Debug;
		};
		C220C152224D3939002DD73D /* Release */ = {
			isa = XCBuildConfiguration;
			buildSettings = {
				ALWAYS_SEARCH_USER_PATHS = NO;
				CLANG_ANALYZER_NONNULL = YES;
				CLANG_ANALYZER_NUMBER_OBJECT_CONVERSION = YES_AGGRESSIVE;
				CLANG_CXX_LANGUAGE_STANDARD = "gnu++14";
				CLANG_CXX_LIBRARY = "libc++";
				CLANG_ENABLE_MODULES = YES;
				CLANG_ENABLE_OBJC_ARC = YES;
				CLANG_ENABLE_OBJC_WEAK = YES;
				CLANG_WARN_BLOCK_CAPTURE_AUTORELEASING = YES;
				CLANG_WARN_BOOL_CONVERSION = YES;
				CLANG_WARN_COMMA = YES;
				CLANG_WARN_CONSTANT_CONVERSION = YES;
				CLANG_WARN_DEPRECATED_OBJC_IMPLEMENTATIONS = YES;
				CLANG_WARN_DIRECT_OBJC_ISA_USAGE = YES_ERROR;
				CLANG_WARN_DOCUMENTATION_COMMENTS = YES;
				CLANG_WARN_EMPTY_BODY = YES;
				CLANG_WARN_ENUM_CONVERSION = YES;
				CLANG_WARN_INFINITE_RECURSION = YES;
				CLANG_WARN_INT_CONVERSION = YES;
				CLANG_WARN_NON_LITERAL_NULL_CONVERSION = YES;
				CLANG_WARN_OBJC_IMPLICIT_RETAIN_SELF = YES;
				CLANG_WARN_OBJC_LITERAL_CONVERSION = YES;
				CLANG_WARN_OBJC_ROOT_CLASS = YES_ERROR;
				CLANG_WARN_RANGE_LOOP_ANALYSIS = YES;
				CLANG_WARN_STRICT_PROTOTYPES = YES;
				CLANG_WARN_SUSPICIOUS_MOVE = YES;
				CLANG_WARN_UNGUARDED_AVAILABILITY = YES_AGGRESSIVE;
				CLANG_WARN_UNREACHABLE_CODE = YES;
				CLANG_WARN__DUPLICATE_METHOD_MATCH = YES;
				CODE_SIGN_IDENTITY = "iPhone Developer";
				COPY_PHASE_STRIP = NO;
				DEBUG_INFORMATION_FORMAT = "dwarf-with-dsym";
				ENABLE_NS_ASSERTIONS = NO;
				ENABLE_STRICT_OBJC_MSGSEND = YES;
				GCC_C_LANGUAGE_STANDARD = gnu11;
				GCC_NO_COMMON_BLOCKS = YES;
				GCC_WARN_64_TO_32_BIT_CONVERSION = YES;
				GCC_WARN_ABOUT_RETURN_TYPE = YES_ERROR;
				GCC_WARN_UNDECLARED_SELECTOR = YES;
				GCC_WARN_UNINITIALIZED_AUTOS = YES_AGGRESSIVE;
				GCC_WARN_UNUSED_FUNCTION = YES;
				GCC_WARN_UNUSED_VARIABLE = YES;
				IPHONEOS_DEPLOYMENT_TARGET = 12.2;
				MTL_ENABLE_DEBUG_INFO = NO;
				MTL_FAST_MATH = YES;
				SDKROOT = iphoneos;
				SWIFT_COMPILATION_MODE = wholemodule;
				SWIFT_OPTIMIZATION_LEVEL = "-O";
				VALIDATE_PRODUCT = YES;
			};
			name = Release;
		};
		C220C154224D3939002DD73D /* Debug */ = {
			isa = XCBuildConfiguration;
			buildSettings = {
				ASSETCATALOG_COMPILER_APPICON_NAME = AppIcon;
				CODE_SIGN_STYLE = Automatic;
				DEVELOPMENT_TEAM = 432CKYPT28;
				INFOPLIST_FILE = AnimationPractices/Info.plist;
				LD_RUNPATH_SEARCH_PATHS = (
					"$(inherited)",
					"@executable_path/Frameworks",
				);
				PRODUCT_BUNDLE_IDENTIFIER = com.yasinkbas.AnimationPractices;
				PRODUCT_NAME = "$(TARGET_NAME)";
				SWIFT_VERSION = 5.0;
				TARGETED_DEVICE_FAMILY = "1,2";
			};
			name = Debug;
		};
		C220C155224D3939002DD73D /* Release */ = {
			isa = XCBuildConfiguration;
			buildSettings = {
				ASSETCATALOG_COMPILER_APPICON_NAME = AppIcon;
				CODE_SIGN_STYLE = Automatic;
				DEVELOPMENT_TEAM = 432CKYPT28;
				INFOPLIST_FILE = AnimationPractices/Info.plist;
				LD_RUNPATH_SEARCH_PATHS = (
					"$(inherited)",
					"@executable_path/Frameworks",
				);
				PRODUCT_BUNDLE_IDENTIFIER = com.yasinkbas.AnimationPractices;
				PRODUCT_NAME = "$(TARGET_NAME)";
				SWIFT_VERSION = 5.0;
				TARGETED_DEVICE_FAMILY = "1,2";
			};
			name = Release;
		};
/* End XCBuildConfiguration section */

/* Begin XCConfigurationList section */
		C220C13C224D3938002DD73D /* Build configuration list for PBXProject "AnimationPractices" */ = {
			isa = XCConfigurationList;
			buildConfigurations = (
				C220C151224D3939002DD73D /* Debug */,
				C220C152224D3939002DD73D /* Release */,
			);
			defaultConfigurationIsVisible = 0;
			defaultConfigurationName = Release;
		};
		C220C153224D3939002DD73D /* Build configuration list for PBXNativeTarget "AnimationPractices" */ = {
			isa = XCConfigurationList;
			buildConfigurations = (
				C220C154224D3939002DD73D /* Debug */,
				C220C155224D3939002DD73D /* Release */,
			);
			defaultConfigurationIsVisible = 0;
			defaultConfigurationName = Release;
		};
/* End XCConfigurationList section */
	};
	rootObject = C220C139224D3938002DD73D /* Project object */;
}
